
Microsoft Visual Studio Solution File, Format Version 12.00
# Visual Studio Version 17
VisualStudioVersion = 17.4.32916.344
MinimumVisualStudioVersion = 10.0.40219.1
Project("{FAE04EC0-301F-11D3-BF4B-00C04F79EFBC}") = "LinkedList", "LinkedList\LinkedList.csproj", "{C62664B6-D4F1-4682-9887-49CA5290D8E1}"
EndProject
Project("{FAE04EC0-301F-11D3-BF4B-00C04F79EFBC}") = "TestProject1", "TestProject1\TestProject1.csproj", "{EBCAED5C-757F-45AA-9420-BA6AAB7D03FB}"
EndProject
Global
	GlobalSection(SolutionConfigurationPlatforms) = preSolution
		Debug|Any CPU = Debug|Any CPU
		Release|Any CPU = Release|Any CPU
	EndGlobalSection
	GlobalSection(ProjectConfigurationPlatforms) = postSolution
		{C62664B6-D4F1-4682-9887-49CA5290D8E1}.Debug|Any CPU.ActiveCfg = Debug|Any CPU
		{C62664B6-D4F1-4682-9887-49CA5290D8E1}.Debug|Any CPU.Build.0 = Debug|Any CPU
		{C62664B6-D4F1-4682-9887-49CA5290D8E1}.Release|Any CPU.ActiveCfg = Release|Any CPU
		{C62664B6-D4F1-4682-9887-49CA5290D8E1}.Release|Any CPU.Build.0 = Release|Any CPU
		{EBCAED5C-757F-45AA-9420-BA6AAB7D03FB}.Debug|Any CPU.ActiveCfg = Debug|Any CPU
		{EBCAED5C-757F-45AA-9420-BA6AAB7D03FB}.Debug|Any CPU.Build.0 = Debug|Any CPU
		{EBCAED5C-757F-45AA-9420-BA6AAB7D03FB}.Release|Any CPU.ActiveCfg = Release|Any CPU
		{EBCAED5C-757F-45AA-9420-BA6AAB7D03FB}.Release|Any CPU.Build.0 = Release|Any CPU
	EndGlobalSection
	GlobalSection(SolutionProperties) = preSolution
		HideSolutionNode = FALSE
	EndGlobalSection
	GlobalSection(ExtensibilityGlobals) = postSolution
		SolutionGuid = {81DA5E02-1542-44EF-A06D-03ACCBA45DA1}
	EndGlobalSection
EndGlobal
