
Microsoft Visual Studio Solution File, Format Version 12.00
# Visual Studio Version 17
VisualStudioVersion = 17.4.32804.182
MinimumVisualStudioVersion = 10.0.40219.1
Project("{FAE04EC0-301F-11D3-BF4B-00C04F79EFBC}") = "3_18_Water_Container", "3_18_Water_Container\3_18_Water_Container.csproj", "{B39BB017-7DE0-48FC-B2E7-1A6893DABBC4}"
EndProject
Project("{FAE04EC0-301F-11D3-BF4B-00C04F79EFBC}") = "TestProject1", "TestProject1\TestProject1.csproj", "{880900C1-A1FD-4295-B468-C7F782BB702E}"
EndProject
Global
	GlobalSection(SolutionConfigurationPlatforms) = preSolution
		Debug|Any CPU = Debug|Any CPU
		Release|Any CPU = Release|Any CPU
	EndGlobalSection
	GlobalSection(ProjectConfigurationPlatforms) = postSolution
		{B39BB017-7DE0-48FC-B2E7-1A6893DABBC4}.Debug|Any CPU.ActiveCfg = Debug|Any CPU
		{B39BB017-7DE0-48FC-B2E7-1A6893DABBC4}.Debug|Any CPU.Build.0 = Debug|Any CPU
		{B39BB017-7DE0-48FC-B2E7-1A6893DABBC4}.Release|Any CPU.ActiveCfg = Release|Any CPU
		{B39BB017-7DE0-48FC-B2E7-1A6893DABBC4}.Release|Any CPU.Build.0 = Release|Any CPU
		{880900C1-A1FD-4295-B468-C7F782BB702E}.Debug|Any CPU.ActiveCfg = Debug|Any CPU
		{880900C1-A1FD-4295-B468-C7F782BB702E}.Debug|Any CPU.Build.0 = Debug|Any CPU
		{880900C1-A1FD-4295-B468-C7F782BB702E}.Release|Any CPU.ActiveCfg = Release|Any CPU
		{880900C1-A1FD-4295-B468-C7F782BB702E}.Release|Any CPU.Build.0 = Release|Any CPU
	EndGlobalSection
	GlobalSection(SolutionProperties) = preSolution
		HideSolutionNode = FALSE
	EndGlobalSection
	GlobalSection(ExtensibilityGlobals) = postSolution
		SolutionGuid = {6B3312A9-4D09-4271-B5F1-A8AF6FD05B5F}
	EndGlobalSection
EndGlobal
