
Microsoft Visual Studio Solution File, Format Version 12.00
# Visual Studio Version 17
VisualStudioVersion = 17.4.32804.182
MinimumVisualStudioVersion = 10.0.40219.1
Project("{FAE04EC0-301F-11D3-BF4B-00C04F79EFBC}") = "40_239_Linked_list", "40_239_Linked_list\40_239_Linked_list.csproj", "{6E37176C-70DA-43B3-964B-FC75705382D1}"
EndProject
Project("{FAE04EC0-301F-11D3-BF4B-00C04F79EFBC}") = "TestProject1", "TestProject1\TestProject1.csproj", "{58C0AE1A-8A1C-4CDF-B476-80F8055C13E6}"
EndProject
Global
	GlobalSection(SolutionConfigurationPlatforms) = preSolution
		Debug|Any CPU = Debug|Any CPU
		Release|Any CPU = Release|Any CPU
	EndGlobalSection
	GlobalSection(ProjectConfigurationPlatforms) = postSolution
		{6E37176C-70DA-43B3-964B-FC75705382D1}.Debug|Any CPU.ActiveCfg = Debug|Any CPU
		{6E37176C-70DA-43B3-964B-FC75705382D1}.Debug|Any CPU.Build.0 = Debug|Any CPU
		{6E37176C-70DA-43B3-964B-FC75705382D1}.Release|Any CPU.ActiveCfg = Release|Any CPU
		{6E37176C-70DA-43B3-964B-FC75705382D1}.Release|Any CPU.Build.0 = Release|Any CPU
		{58C0AE1A-8A1C-4CDF-B476-80F8055C13E6}.Debug|Any CPU.ActiveCfg = Debug|Any CPU
		{58C0AE1A-8A1C-4CDF-B476-80F8055C13E6}.Debug|Any CPU.Build.0 = Debug|Any CPU
		{58C0AE1A-8A1C-4CDF-B476-80F8055C13E6}.Release|Any CPU.ActiveCfg = Release|Any CPU
		{58C0AE1A-8A1C-4CDF-B476-80F8055C13E6}.Release|Any CPU.Build.0 = Release|Any CPU
	EndGlobalSection
	GlobalSection(SolutionProperties) = preSolution
		HideSolutionNode = FALSE
	EndGlobalSection
	GlobalSection(ExtensibilityGlobals) = postSolution
		SolutionGuid = {5DFAB383-9009-4251-AB70-F517EFEA95EA}
	EndGlobalSection
EndGlobal
